
Microsoft Visual Studio Solution File, Format Version 12.00
# Visual Studio Version 17
VisualStudioVersion = 17.5.33530.505
MinimumVisualStudioVersion = 10.0.40219.1
Project("{2150E333-8FDC-42A3-9474-1A3956D46DE8}") = "src", "src", "{BB7DFA96-06A4-434F-88A3-C89CEA184581}"
EndProject
Project("{2150E333-8FDC-42A3-9474-1A3956D46DE8}") = "tests", "tests", "{E33E4F0E-4141-4CA8-975D-4984C3F02D1F}"
EndProject
Project("{9A19103F-16F7-4668-BE54-9A1E7A4F7556}") = "CashFlow.Api", "src\CashFlow.Api\CashFlow.Api.csproj", "{4AA7AE2A-0299-4652-8D20-A2F07C095FBA}"
EndProject
Project("{9A19103F-16F7-4668-BE54-9A1E7A4F7556}") = "CashFlow.Domain", "src\CashFlow.Domain\CashFlow.Domain.csproj", "{BD7A5B7B-C2EA-41F0-AD11-15AE322BB307}"
EndProject
Project("{9A19103F-16F7-4668-BE54-9A1E7A4F7556}") = "CashFlow.Application", "src\CashFlow.Application\CashFlow.Application.csproj", "{9CD5F012-091B-42C3-8E8A-CF29A26AAEC6}"
EndProject
Project("{9A19103F-16F7-4668-BE54-9A1E7A4F7556}") = "CashFlow.Communication", "src\CashFlow.Communication\CashFlow.Communication.csproj", "{6DC5F02F-84C5-4008-9D49-0DF140026802}"
EndProject
Project("{9A19103F-16F7-4668-BE54-9A1E7A4F7556}") = "CashFlow.Exception", "src\CashFlow.Exception\CashFlow.Exception.csproj", "{72E588B0-35E7-43AC-B1DA-27C60E493FE3}"
EndProject
Project("{9A19103F-16F7-4668-BE54-9A1E7A4F7556}") = "CashFlow.Infrastructure", "src\CashFlow.Infrastructure\CashFlow.Infrastructure.csproj", "{1FD7F0CA-9134-4FAC-80DB-960D8BE42154}"
EndProject
Project("{9A19103F-16F7-4668-BE54-9A1E7A4F7556}") = "Validators.Tests", "tests\Validators.Tests\Validators.Tests.csproj", "{AC1B6B85-B5BD-4ECA-9DF2-232BB5A28407}"
EndProject
Project("{9A19103F-16F7-4668-BE54-9A1E7A4F7556}") = "CoommonTestsUtilities", "CoommonTestsUtilities\CoommonTestsUtilities.csproj", "{F6718BD7-0A89-4D2B-A826-6B23F6F1C149}"
EndProject
Project("{FAE04EC0-301F-11D3-BF4B-00C04F79EFBC}") = "UseCases.Test", "tests\UseCases.Test\UseCases.Test.csproj", "{AF22C2BB-C027-4142-ADE1-20234CDB6B62}"
EndProject
Global
	GlobalSection(SolutionConfigurationPlatforms) = preSolution
		Debug|Any CPU = Debug|Any CPU
		Release|Any CPU = Release|Any CPU
	EndGlobalSection
	GlobalSection(ProjectConfigurationPlatforms) = postSolution
		{4AA7AE2A-0299-4652-8D20-A2F07C095FBA}.Debug|Any CPU.ActiveCfg = Debug|Any CPU
		{4AA7AE2A-0299-4652-8D20-A2F07C095FBA}.Debug|Any CPU.Build.0 = Debug|Any CPU
		{4AA7AE2A-0299-4652-8D20-A2F07C095FBA}.Release|Any CPU.ActiveCfg = Release|Any CPU
		{4AA7AE2A-0299-4652-8D20-A2F07C095FBA}.Release|Any CPU.Build.0 = Release|Any CPU
		{BD7A5B7B-C2EA-41F0-AD11-15AE322BB307}.Debug|Any CPU.ActiveCfg = Debug|Any CPU
		{BD7A5B7B-C2EA-41F0-AD11-15AE322BB307}.Debug|Any CPU.Build.0 = Debug|Any CPU
		{BD7A5B7B-C2EA-41F0-AD11-15AE322BB307}.Release|Any CPU.ActiveCfg = Release|Any CPU
		{BD7A5B7B-C2EA-41F0-AD11-15AE322BB307}.Release|Any CPU.Build.0 = Release|Any CPU
		{9CD5F012-091B-42C3-8E8A-CF29A26AAEC6}.Debug|Any CPU.ActiveCfg = Debug|Any CPU
		{9CD5F012-091B-42C3-8E8A-CF29A26AAEC6}.Debug|Any CPU.Build.0 = Debug|Any CPU
		{9CD5F012-091B-42C3-8E8A-CF29A26AAEC6}.Release|Any CPU.ActiveCfg = Release|Any CPU
		{9CD5F012-091B-42C3-8E8A-CF29A26AAEC6}.Release|Any CPU.Build.0 = Release|Any CPU
		{6DC5F02F-84C5-4008-9D49-0DF140026802}.Debug|Any CPU.ActiveCfg = Debug|Any CPU
		{6DC5F02F-84C5-4008-9D49-0DF140026802}.Debug|Any CPU.Build.0 = Debug|Any CPU
		{6DC5F02F-84C5-4008-9D49-0DF140026802}.Release|Any CPU.ActiveCfg = Release|Any CPU
		{6DC5F02F-84C5-4008-9D49-0DF140026802}.Release|Any CPU.Build.0 = Release|Any CPU
		{72E588B0-35E7-43AC-B1DA-27C60E493FE3}.Debug|Any CPU.ActiveCfg = Debug|Any CPU
		{72E588B0-35E7-43AC-B1DA-27C60E493FE3}.Debug|Any CPU.Build.0 = Debug|Any CPU
		{72E588B0-35E7-43AC-B1DA-27C60E493FE3}.Release|Any CPU.ActiveCfg = Release|Any CPU
		{72E588B0-35E7-43AC-B1DA-27C60E493FE3}.Release|Any CPU.Build.0 = Release|Any CPU
		{1FD7F0CA-9134-4FAC-80DB-960D8BE42154}.Debug|Any CPU.ActiveCfg = Debug|Any CPU
		{1FD7F0CA-9134-4FAC-80DB-960D8BE42154}.Debug|Any CPU.Build.0 = Debug|Any CPU
		{1FD7F0CA-9134-4FAC-80DB-960D8BE42154}.Release|Any CPU.ActiveCfg = Release|Any CPU
		{1FD7F0CA-9134-4FAC-80DB-960D8BE42154}.Release|Any CPU.Build.0 = Release|Any CPU
		{AC1B6B85-B5BD-4ECA-9DF2-232BB5A28407}.Debug|Any CPU.ActiveCfg = Debug|Any CPU
		{AC1B6B85-B5BD-4ECA-9DF2-232BB5A28407}.Debug|Any CPU.Build.0 = Debug|Any CPU
		{AC1B6B85-B5BD-4ECA-9DF2-232BB5A28407}.Release|Any CPU.ActiveCfg = Release|Any CPU
		{AC1B6B85-B5BD-4ECA-9DF2-232BB5A28407}.Release|Any CPU.Build.0 = Release|Any CPU
		{F6718BD7-0A89-4D2B-A826-6B23F6F1C149}.Debug|Any CPU.ActiveCfg = Debug|Any CPU
		{F6718BD7-0A89-4D2B-A826-6B23F6F1C149}.Debug|Any CPU.Build.0 = Debug|Any CPU
		{F6718BD7-0A89-4D2B-A826-6B23F6F1C149}.Release|Any CPU.ActiveCfg = Release|Any CPU
		{F6718BD7-0A89-4D2B-A826-6B23F6F1C149}.Release|Any CPU.Build.0 = Release|Any CPU
		{AF22C2BB-C027-4142-ADE1-20234CDB6B62}.Debug|Any CPU.ActiveCfg = Debug|Any CPU
		{AF22C2BB-C027-4142-ADE1-20234CDB6B62}.Debug|Any CPU.Build.0 = Debug|Any CPU
		{AF22C2BB-C027-4142-ADE1-20234CDB6B62}.Release|Any CPU.ActiveCfg = Release|Any CPU
		{AF22C2BB-C027-4142-ADE1-20234CDB6B62}.Release|Any CPU.Build.0 = Release|Any CPU
	EndGlobalSection
	GlobalSection(SolutionProperties) = preSolution
		HideSolutionNode = FALSE
	EndGlobalSection
	GlobalSection(NestedProjects) = preSolution
		{4AA7AE2A-0299-4652-8D20-A2F07C095FBA} = {BB7DFA96-06A4-434F-88A3-C89CEA184581}
		{BD7A5B7B-C2EA-41F0-AD11-15AE322BB307} = {BB7DFA96-06A4-434F-88A3-C89CEA184581}
		{9CD5F012-091B-42C3-8E8A-CF29A26AAEC6} = {BB7DFA96-06A4-434F-88A3-C89CEA184581}
		{6DC5F02F-84C5-4008-9D49-0DF140026802} = {BB7DFA96-06A4-434F-88A3-C89CEA184581}
		{72E588B0-35E7-43AC-B1DA-27C60E493FE3} = {BB7DFA96-06A4-434F-88A3-C89CEA184581}
		{1FD7F0CA-9134-4FAC-80DB-960D8BE42154} = {BB7DFA96-06A4-434F-88A3-C89CEA184581}
		{AC1B6B85-B5BD-4ECA-9DF2-232BB5A28407} = {E33E4F0E-4141-4CA8-975D-4984C3F02D1F}
		{F6718BD7-0A89-4D2B-A826-6B23F6F1C149} = {E33E4F0E-4141-4CA8-975D-4984C3F02D1F}
		{AF22C2BB-C027-4142-ADE1-20234CDB6B62} = {E33E4F0E-4141-4CA8-975D-4984C3F02D1F}
	EndGlobalSection
	GlobalSection(ExtensibilityGlobals) = postSolution
		SolutionGuid = {4A6C7DE6-0F17-40AC-8899-907BC394090C}
	EndGlobalSection
EndGlobal
